{
    "_readme": [
        "This file locks the dependencies of your project to a known state",
        "Read more about it at https://getcomposer.org/doc/01-basic-usage.md#installing-dependencies",
        "This file is @generated automatically"
    ],
    "content-hash": "17167cc56a100304e56c1d2cb9cdab7e",
    "packages": [
        {
            "name": "firebase/php-jwt",
            "version": "v5.0.0",
            "source": {
                "type": "git",
                "url": "https://github.com/firebase/php-jwt.git",
                "reference": "9984a4d3a32ae7673d6971ea00bae9d0a1abba0e"
            },
            "dist": {
                "type": "zip",
                "url": "https://api.github.com/repos/firebase/php-jwt/zipball/9984a4d3a32ae7673d6971ea00bae9d0a1abba0e",
                "reference": "9984a4d3a32ae7673d6971ea00bae9d0a1abba0e",
                "shasum": ""
            },
            "require": {
                "php": ">=5.3.0"
            },
            "require-dev": {
                "phpunit/phpunit": " 4.8.35"
            },
            "type": "library",
            "autoload": {
                "psr-4": {
                    "Firebase\\JWT\\": "src"
                }
            },
            "notification-url": "https://packagist.org/downloads/",
            "license": [
                "BSD-3-Clause"
            ],
            "authors": [
                {
                    "name": "Neuman Vong",
                    "email": "neuman+pear@twilio.com",
                    "role": "Developer"
                },
                {
                    "name": "Anant Narayanan",
                    "email": "anant@php.net",
                    "role": "Developer"
                }
            ],
            "description": "A simple library to encode and decode JSON Web Tokens (JWT) in PHP. Should conform to the current spec.",
            "homepage": "https://github.com/firebase/php-jwt",
            "time": "2017-06-27T22:17:23+00:00"
        },
        {
            "name": "google/auth",
            "version": "v1.4.0",
            "source": {
                "type": "git",
                "url": "https://github.com/googleapis/google-auth-library-php.git",
                "reference": "196237248e636a3554a7d9e4dfddeb97f450ab5c"
            },
            "dist": {
                "type": "zip",
                "url": "https://api.github.com/repos/googleapis/google-auth-library-php/zipball/196237248e636a3554a7d9e4dfddeb97f450ab5c",
                "reference": "196237248e636a3554a7d9e4dfddeb97f450ab5c",
                "shasum": ""
            },
            "require": {
                "firebase/php-jwt": "~2.0|~3.0|~4.0|~5.0",
                "guzzlehttp/guzzle": "~5.3.1|~6.0",
                "guzzlehttp/psr7": "^1.2",
                "php": ">=5.4",
                "psr/cache": "^1.0",
                "psr/http-message": "^1.0"
            },
            "require-dev": {
                "friendsofphp/php-cs-fixer": "^1.11",
                "guzzlehttp/promises": "0.1.1|^1.3",
                "phpunit/phpunit": "^4.8.36|^5.7",
                "sebastian/comparator": ">=1.2.3"
            },
            "type": "library",
            "autoload": {
                "psr-4": {
                    "Google\\Auth\\": "src"
                }
            },
            "notification-url": "https://packagist.org/downloads/",
            "license": [
                "Apache-2.0"
            ],
            "description": "Google Auth Library for PHP",
            "homepage": "http://github.com/google/google-auth-library-php",
            "keywords": [
                "Authentication",
                "google",
                "oauth2"
            ],
            "time": "2018-09-17T20:29:21+00:00"
        },
        {
            "name": "google/cloud-core",
            "version": "v1.25.1",
            "source": {
                "type": "git",
                "url": "https://github.com/googleapis/google-cloud-php-core.git",
                "reference": "106c78d25b14f55167338d71737507be2bf8400c"
            },
            "dist": {
                "type": "zip",
                "url": "https://api.github.com/repos/googleapis/google-cloud-php-core/zipball/106c78d25b14f55167338d71737507be2bf8400c",
                "reference": "106c78d25b14f55167338d71737507be2bf8400c",
                "shasum": ""
            },
            "require": {
                "google/auth": "^1.2",
                "guzzlehttp/guzzle": "^5.3|^6.0",
                "guzzlehttp/promises": "^1.3",
                "guzzlehttp/psr7": "^1.2",
                "monolog/monolog": "~1",
                "php": ">=5.5",
                "psr/http-message": "1.0.*",
                "rize/uri-template": "~0.3"
            },
            "require-dev": {
                "erusev/parsedown": "^1.6",
                "google/gax": "^0.38.0",
                "opis/closure": "^3",
                "phpdocumentor/reflection": "^3.0",
                "phpunit/phpunit": "^4.8|^5.0",
                "squizlabs/php_codesniffer": "2.*"
            },
            "suggest": {
                "opis/closure": "May be used to serialize closures to process jobs in the batch daemon. Please require version ^3.",
                "symfony/lock": "Required for the Spanner cached based session pool. Please require the following commit: 3.3.x-dev#1ba6ac9"
            },
            "bin": [
                "bin/google-cloud-batch"
            ],
            "type": "library",
            "extra": {
                "component": {
                    "id": "cloud-core",
                    "target": "googleapis/google-cloud-php-core.git",
                    "path": "Core",
                    "entry": "src/ServiceBuilder.php"
                }
            },
            "autoload": {
                "psr-4": {
                    "Google\\Cloud\\Core\\": "src"
                }
            },
            "notification-url": "https://packagist.org/downloads/",
            "license": [
                "Apache-2.0"
            ],
            "description": "Google Cloud PHP shared dependency, providing functionality useful to all components.",
            "time": "2018-12-18T18:55:23+00:00"
        },
        {
            "name": "google/cloud-language",
            "version": "v0.16.3",
            "source": {
                "type": "git",
                "url": "https://github.com/googleapis/google-cloud-php-language.git",
                "reference": "8413d15793ec652f05ca81621bcc87a4db013a7f"
            },
            "dist": {
                "type": "zip",
                "url": "https://api.github.com/repos/googleapis/google-cloud-php-language/zipball/8413d15793ec652f05ca81621bcc87a4db013a7f",
                "reference": "8413d15793ec652f05ca81621bcc87a4db013a7f",
                "shasum": ""
            },
            "require": {
                "google/cloud-core": "^1.23",
                "google/gax": "^0.38.0"
            },
            "require-dev": {
                "erusev/parsedown": "^1.6",
                "google/cloud-storage": "^1.3",
                "phpdocumentor/reflection": "^3.0",
                "phpunit/phpunit": "^4.8|^5.0",
                "squizlabs/php_codesniffer": "2.*"
            },
            "suggest": {
                "ext-grpc": "The gRPC extension enables use of the performant gRPC transport",
                "ext-protobuf": "Provides a significant increase in throughput over the pure PHP protobuf implementation. See https://cloud.google.com/php/grpc for installation instructions.",
                "google/cloud-storage": "Analyze documents stored in Google Cloud Storage"
            },
            "type": "library",
            "extra": {
                "component": {
                    "id": "cloud-language",
                    "target": "googleapis/google-cloud-php-language.git",
                    "path": "Language",
                    "entry": "src/LanguageClient.php"
                }
            },
            "autoload": {
                "psr-4": {
                    "Google\\Cloud\\Language\\": "src",
                    "GPBMetadata\\Google\\Cloud\\Language\\": "metadata"
                }
            },
            "notification-url": "https://packagist.org/downloads/",
            "license": [
                "Apache-2.0"
            ],
            "description": "Cloud Natural Language Client for PHP",
            "time": "2018-12-18T18:55:23+00:00"
        },
        {
            "name": "google/common-protos",
            "version": "0.1.0",
            "source": {
                "type": "git",
                "url": "https://github.com/googleapis/common-protos-php.git",
                "reference": "0bc3c17350a37423da29391fa3d0e6082dd896b5"
            },
            "dist": {
                "type": "zip",
                "url": "https://api.github.com/repos/googleapis/common-protos-php/zipball/0bc3c17350a37423da29391fa3d0e6082dd896b5",
                "reference": "0bc3c17350a37423da29391fa3d0e6082dd896b5",
                "shasum": ""
            },
            "require": {
                "google/protobuf": "^3.6.1"
            },
            "require-dev": {
                "phpunit/phpunit": "^4.8.36",
                "sami/sami": "*"
            },
            "type": "library",
            "autoload": {
                "psr-4": {
                    "Google\\": "src",
                    "GPBMetadata\\Google\\": "metadata"
                }
            },
            "notification-url": "https://packagist.org/downloads/",
            "license": [
                "Apache-2.0"
            ],
            "description": "Google API Common Protos for PHP",
            "homepage": "https://github.com/googleapis/common-protos-php",
            "keywords": [
                "google"
            ],
            "time": "2018-11-05T20:09:01+00:00"
        },
        {
            "name": "google/gax",
            "version": "0.38.0",
            "source": {
                "type": "git",
                "url": "https://github.com/googleapis/gax-php.git",
                "reference": "ba141d49c58f949a31b9cfb31f6da876adc2919d"
            },
            "dist": {
                "type": "zip",
                "url": "https://api.github.com/repos/googleapis/gax-php/zipball/ba141d49c58f949a31b9cfb31f6da876adc2919d",
                "reference": "ba141d49c58f949a31b9cfb31f6da876adc2919d",
                "shasum": ""
            },
            "require": {
                "google/auth": "^1.2.0",
                "google/common-protos": "^0.1",
                "google/grpc-gcp": "^0.1.0",
                "google/protobuf": "^3.6.1",
                "grpc/grpc": "^1.4",
                "guzzlehttp/promises": "^1.3",
                "guzzlehttp/psr7": "^1.2",
                "php": ">=5.5"
            },
            "require-dev": {
                "phpunit/phpunit": "^4.8.36",
                "sami/sami": "*",
                "squizlabs/php_codesniffer": "3.*"
            },
            "type": "library",
            "autoload": {
                "psr-4": {
                    "Google\\ApiCore\\": "src",
                    "GPBMetadata\\Google\\": "metadata"
                }
            },
            "notification-url": "https://packagist.org/downloads/",
            "license": [
                "BSD-3-Clause"
            ],
            "description": "Google API Core for PHP",
            "homepage": "https://github.com/googleapis/gax-php",
            "keywords": [
                "google"
            ],
            "time": "2018-12-17T16:37:25+00:00"
        },
        {
            "name": "google/grpc-gcp",
            "version": "0.1.3",
            "source": {
                "type": "git",
                "url": "https://github.com/GoogleCloudPlatform/grpc-gcp-php.git",
                "reference": "a253cbf03a33b146af50c441500bf9904bfb9ee0"
            },
            "dist": {
                "type": "zip",
                "url": "https://api.github.com/repos/GoogleCloudPlatform/grpc-gcp-php/zipball/a253cbf03a33b146af50c441500bf9904bfb9ee0",
                "reference": "a253cbf03a33b146af50c441500bf9904bfb9ee0",
                "shasum": ""
            },
            "require": {
                "google/auth": "^1.3",
                "google/protobuf": "^v3.3.0",
                "grpc/grpc": "^v1.13.0",
                "php": ">=5.5.0",
                "psr/cache": "^1.0.1"
            },
            "require-dev": {
                "google/cloud-spanner": "^1.7",
                "phpunit/phpunit": "4.8.36"
            },
            "type": "library",
            "autoload": {
                "psr-4": {
                    "Grpc\\Gcp\\": "src/",
                    "": "src/generated/"
                }
            },
            "notification-url": "https://packagist.org/downloads/",
            "license": [
                "Apache-2.0"
            ],
            "description": "gRPC GCP library for channel management",
            "time": "2018-12-13T04:04:24+00:00"
        },
        {
            "name": "google/protobuf",
            "version": "v3.6.1.3",
            "source": {
                "type": "git",
                "url": "https://github.com/protocolbuffers/protobuf.git",
                "reference": "66dc42d891a4fc8e9190c524fd67961688a37bbe"
            },
            "dist": {
                "type": "zip",
                "url": "https://api.github.com/repos/protocolbuffers/protobuf/zipball/66dc42d891a4fc8e9190c524fd67961688a37bbe",
                "reference": "66dc42d891a4fc8e9190c524fd67961688a37bbe",
                "shasum": ""
            },
            "require": {
                "php": ">=5.5.0"
            },
            "require-dev": {
                "phpunit/phpunit": ">=4.8.0"
            },
            "suggest": {
                "ext-bcmath": "Need to support JSON deserialization"
            },
            "type": "library",
            "autoload": {
                "psr-4": {
                    "Google\\Protobuf\\": "php/src/Google/Protobuf",
                    "GPBMetadata\\Google\\Protobuf\\": "php/src/GPBMetadata/Google/Protobuf"
                }
            },
            "notification-url": "https://packagist.org/downloads/",
            "license": [
                "BSD-3-Clause"
            ],
            "description": "proto library for PHP",
            "homepage": "https://developers.google.com/protocol-buffers/",
            "keywords": [
                "proto"
            ],
            "time": "2018-12-08T01:32:11+00:00"
        },
        {
            "name": "grpc/grpc",
            "version": "1.15.0",
            "source": {
                "type": "git",
                "url": "https://github.com/grpc/grpc-php.git",
                "reference": "1a7cd0dc95a68594b8a8cfbf75ff236383172e2f"
            },
            "dist": {
                "type": "zip",
                "url": "https://api.github.com/repos/grpc/grpc-php/zipball/1a7cd0dc95a68594b8a8cfbf75ff236383172e2f",
                "reference": "1a7cd0dc95a68594b8a8cfbf75ff236383172e2f",
                "shasum": ""
            },
            "require": {
                "php": ">=5.5.0"
            },
            "require-dev": {
                "google/auth": "^v1.3.0"
            },
            "suggest": {
                "ext-protobuf": "For better performance, install the protobuf C extension.",
                "google/protobuf": "To get started using grpc quickly, install the native protobuf library."
            },
            "type": "library",
            "autoload": {
                "psr-4": {
                    "Grpc\\": "src/lib/"
                }
            },
            "notification-url": "https://packagist.org/downloads/",
            "license": [
                "Apache-2.0"
            ],
            "description": "gRPC library for PHP",
            "homepage": "https://grpc.io",
            "keywords": [
                "rpc"
            ],
            "time": "2018-09-12T21:49:56+00:00"
        },
        {
            "name": "guzzlehttp/guzzle",
            "version": "6.3.3",
            "source": {
                "type": "git",
                "url": "https://github.com/guzzle/guzzle.git",
                "reference": "407b0cb880ace85c9b63c5f9551db498cb2d50ba"
            },
            "dist": {
                "type": "zip",
                "url": "https://api.github.com/repos/guzzle/guzzle/zipball/407b0cb880ace85c9b63c5f9551db498cb2d50ba",
                "reference": "407b0cb880ace85c9b63c5f9551db498cb2d50ba",
                "shasum": ""
            },
            "require": {
                "guzzlehttp/promises": "^1.0",
                "guzzlehttp/psr7": "^1.4",
                "php": ">=5.5"
            },
            "require-dev": {
                "ext-curl": "*",
                "phpunit/phpunit": "^4.8.35 || ^5.7 || ^6.4 || ^7.0",
                "psr/log": "^1.0"
            },
            "suggest": {
                "psr/log": "Required for using the Log middleware"
            },
            "type": "library",
            "extra": {
                "branch-alias": {
                    "dev-master": "6.3-dev"
                }
            },
            "autoload": {
                "files": [
                    "src/functions_include.php"
                ],
                "psr-4": {
                    "GuzzleHttp\\": "src/"
                }
            },
            "notification-url": "https://packagist.org/downloads/",
            "license": [
                "MIT"
            ],
            "authors": [
                {
                    "name": "Michael Dowling",
                    "email": "mtdowling@gmail.com",
                    "homepage": "https://github.com/mtdowling"
                }
            ],
            "description": "Guzzle is a PHP HTTP client library",
            "homepage": "http://guzzlephp.org/",
            "keywords": [
                "client",
                "curl",
                "framework",
                "http",
                "http client",
                "rest",
                "web service"
            ],
            "time": "2018-04-22T15:46:56+00:00"
        },
        {
            "name": "guzzlehttp/promises",
            "version": "v1.3.1",
            "source": {
                "type": "git",
                "url": "https://github.com/guzzle/promises.git",
                "reference": "a59da6cf61d80060647ff4d3eb2c03a2bc694646"
            },
            "dist": {
                "type": "zip",
                "url": "https://api.github.com/repos/guzzle/promises/zipball/a59da6cf61d80060647ff4d3eb2c03a2bc694646",
                "reference": "a59da6cf61d80060647ff4d3eb2c03a2bc694646",
                "shasum": ""
            },
            "require": {
                "php": ">=5.5.0"
            },
            "require-dev": {
                "phpunit/phpunit": "^4.0"
            },
            "type": "library",
            "extra": {
                "branch-alias": {
                    "dev-master": "1.4-dev"
                }
            },
            "autoload": {
                "psr-4": {
                    "GuzzleHttp\\Promise\\": "src/"
                },
                "files": [
                    "src/functions_include.php"
                ]
            },
            "notification-url": "https://packagist.org/downloads/",
            "license": [
                "MIT"
            ],
            "authors": [
                {
                    "name": "Michael Dowling",
                    "email": "mtdowling@gmail.com",
                    "homepage": "https://github.com/mtdowling"
                }
            ],
            "description": "Guzzle promises library",
            "keywords": [
                "promise"
            ],
            "time": "2016-12-20T10:07:11+00:00"
        },
        {
            "name": "guzzlehttp/psr7",
            "version": "1.5.2",
            "source": {
                "type": "git",
                "url": "https://github.com/guzzle/psr7.git",
                "reference": "9f83dded91781a01c63574e387eaa769be769115"
            },
            "dist": {
                "type": "zip",
                "url": "https://api.github.com/repos/guzzle/psr7/zipball/9f83dded91781a01c63574e387eaa769be769115",
                "reference": "9f83dded91781a01c63574e387eaa769be769115",
                "shasum": ""
            },
            "require": {
                "php": ">=5.4.0",
                "psr/http-message": "~1.0",
                "ralouphie/getallheaders": "^2.0.5"
            },
            "provide": {
                "psr/http-message-implementation": "1.0"
            },
            "require-dev": {
                "phpunit/phpunit": "~4.8.36 || ^5.7.27 || ^6.5.8"
            },
            "type": "library",
            "extra": {
                "branch-alias": {
                    "dev-master": "1.5-dev"
                }
            },
            "autoload": {
                "psr-4": {
                    "GuzzleHttp\\Psr7\\": "src/"
                },
                "files": [
                    "src/functions_include.php"
                ]
            },
            "notification-url": "https://packagist.org/downloads/",
            "license": [
                "MIT"
            ],
            "authors": [
                {
                    "name": "Michael Dowling",
                    "email": "mtdowling@gmail.com",
                    "homepage": "https://github.com/mtdowling"
                },
                {
                    "name": "Tobias Schultze",
                    "homepage": "https://github.com/Tobion"
                }
            ],
            "description": "PSR-7 message implementation that also provides common utility methods",
            "keywords": [
                "http",
                "message",
                "psr-7",
                "request",
                "response",
                "stream",
                "uri",
                "url"
            ],
            "time": "2018-12-04T20:46:45+00:00"
        },
        {
            "name": "monolog/monolog",
            "version": "1.24.0",
            "source": {
                "type": "git",
                "url": "https://github.com/Seldaek/monolog.git",
                "reference": "bfc9ebb28f97e7a24c45bdc3f0ff482e47bb0266"
            },
            "dist": {
                "type": "zip",
                "url": "https://api.github.com/repos/Seldaek/monolog/zipball/bfc9ebb28f97e7a24c45bdc3f0ff482e47bb0266",
                "reference": "bfc9ebb28f97e7a24c45bdc3f0ff482e47bb0266",
                "shasum": ""
            },
            "require": {
                "php": ">=5.3.0",
                "psr/log": "~1.0"
            },
            "provide": {
                "psr/log-implementation": "1.0.0"
            },
            "require-dev": {
                "aws/aws-sdk-php": "^2.4.9 || ^3.0",
                "doctrine/couchdb": "~1.0@dev",
                "graylog2/gelf-php": "~1.0",
                "jakub-onderka/php-parallel-lint": "0.9",
                "php-amqplib/php-amqplib": "~2.4",
                "php-console/php-console": "^3.1.3",
                "phpunit/phpunit": "~4.5",
                "phpunit/phpunit-mock-objects": "2.3.0",
                "ruflin/elastica": ">=0.90 <3.0",
                "sentry/sentry": "^0.13",
                "swiftmailer/swiftmailer": "^5.3|^6.0"
            },
            "suggest": {
                "aws/aws-sdk-php": "Allow sending log messages to AWS services like DynamoDB",
                "doctrine/couchdb": "Allow sending log messages to a CouchDB server",
                "ext-amqp": "Allow sending log messages to an AMQP server (1.0+ required)",
                "ext-mongo": "Allow sending log messages to a MongoDB server",
                "graylog2/gelf-php": "Allow sending log messages to a GrayLog2 server",
                "mongodb/mongodb": "Allow sending log messages to a MongoDB server via PHP Driver",
                "php-amqplib/php-amqplib": "Allow sending log messages to an AMQP server using php-amqplib",
                "php-console/php-console": "Allow sending log messages to Google Chrome",
                "rollbar/rollbar": "Allow sending log messages to Rollbar",
                "ruflin/elastica": "Allow sending log messages to an Elastic Search server",
                "sentry/sentry": "Allow sending log messages to a Sentry server"
            },
            "type": "library",
            "extra": {
                "branch-alias": {
                    "dev-master": "2.0.x-dev"
                }
            },
            "autoload": {
                "psr-4": {
                    "Monolog\\": "src/Monolog"
                }
            },
            "notification-url": "https://packagist.org/downloads/",
            "license": [
                "MIT"
            ],
            "authors": [
                {
                    "name": "Jordi Boggiano",
                    "email": "j.boggiano@seld.be",
                    "homepage": "http://seld.be"
                }
            ],
            "description": "Sends your logs to files, sockets, inboxes, databases and various web services",
            "homepage": "http://github.com/Seldaek/monolog",
            "keywords": [
                "log",
                "logging",
                "psr-3"
            ],
            "time": "2018-11-05T09:00:11+00:00"
        },
        {
            "name": "psr/cache",
            "version": "1.0.1",
            "source": {
                "type": "git",
                "url": "https://github.com/php-fig/cache.git",
                "reference": "d11b50ad223250cf17b86e38383413f5a6764bf8"
            },
            "dist": {
                "type": "zip",
                "url": "https://api.github.com/repos/php-fig/cache/zipball/d11b50ad223250cf17b86e38383413f5a6764bf8",
                "reference": "d11b50ad223250cf17b86e38383413f5a6764bf8",
                "shasum": ""
            },
            "require": {
                "php": ">=5.3.0"
            },
            "type": "library",
            "extra": {
                "branch-alias": {
                    "dev-master": "1.0.x-dev"
                }
            },
            "autoload": {
                "psr-4": {
                    "Psr\\Cache\\": "src/"
                }
            },
            "notification-url": "https://packagist.org/downloads/",
            "license": [
                "MIT"
            ],
            "authors": [
                {
                    "name": "PHP-FIG",
                    "homepage": "http://www.php-fig.org/"
                }
            ],
            "description": "Common interface for caching libraries",
            "keywords": [
                "cache",
                "psr",
                "psr-6"
            ],
            "time": "2016-08-06T20:24:11+00:00"
        },
        {
            "name": "psr/http-message",
            "version": "1.0.1",
            "source": {
                "type": "git",
                "url": "https://github.com/php-fig/http-message.git",
                "reference": "f6561bf28d520154e4b0ec72be95418abe6d9363"
            },
            "dist": {
                "type": "zip",
                "url": "https://api.github.com/repos/php-fig/http-message/zipball/f6561bf28d520154e4b0ec72be95418abe6d9363",
                "reference": "f6561bf28d520154e4b0ec72be95418abe6d9363",
                "shasum": ""
            },
            "require": {
                "php": ">=5.3.0"
            },
            "type": "library",
            "extra": {
                "branch-alias": {
                    "dev-master": "1.0.x-dev"
                }
            },
            "autoload": {
                "psr-4": {
                    "Psr\\Http\\Message\\": "src/"
                }
            },
            "notification-url": "https://packagist.org/downloads/",
            "license": [
                "MIT"
            ],
            "authors": [
                {
                    "name": "PHP-FIG",
                    "homepage": "http://www.php-fig.org/"
                }
            ],
            "description": "Common interface for HTTP messages",
            "homepage": "https://github.com/php-fig/http-message",
            "keywords": [
                "http",
                "http-message",
                "psr",
                "psr-7",
                "request",
                "response"
            ],
            "time": "2016-08-06T14:39:51+00:00"
        },
        {
            "name": "psr/log",
            "version": "1.1.0",
            "source": {
                "type": "git",
                "url": "https://github.com/php-fig/log.git",
                "reference": "6c001f1daafa3a3ac1d8ff69ee4db8e799a654dd"
            },
            "dist": {
                "type": "zip",
                "url": "https://api.github.com/repos/php-fig/log/zipball/6c001f1daafa3a3ac1d8ff69ee4db8e799a654dd",
                "reference": "6c001f1daafa3a3ac1d8ff69ee4db8e799a654dd",
                "shasum": ""
            },
            "require": {
                "php": ">=5.3.0"
            },
            "type": "library",
            "extra": {
                "branch-alias": {
                    "dev-master": "1.0.x-dev"
                }
            },
            "autoload": {
                "psr-4": {
                    "Psr\\Log\\": "Psr/Log/"
                }
            },
            "notification-url": "https://packagist.org/downloads/",
            "license": [
                "MIT"
            ],
            "authors": [
                {
                    "name": "PHP-FIG",
                    "homepage": "http://www.php-fig.org/"
                }
            ],
            "description": "Common interface for logging libraries",
            "homepage": "https://github.com/php-fig/log",
            "keywords": [
                "log",
                "psr",
                "psr-3"
            ],
            "time": "2018-11-20T15:27:04+00:00"
        },
        {
            "name": "ralouphie/getallheaders",
            "version": "2.0.5",
            "source": {
                "type": "git",
                "url": "https://github.com/ralouphie/getallheaders.git",
                "reference": "5601c8a83fbba7ef674a7369456d12f1e0d0eafa"
            },
            "dist": {
                "type": "zip",
                "url": "https://api.github.com/repos/ralouphie/getallheaders/zipball/5601c8a83fbba7ef674a7369456d12f1e0d0eafa",
                "reference": "5601c8a83fbba7ef674a7369456d12f1e0d0eafa",
                "shasum": ""
            },
            "require": {
                "php": ">=5.3"
            },
            "require-dev": {
                "phpunit/phpunit": "~3.7.0",
                "satooshi/php-coveralls": ">=1.0"
            },
            "type": "library",
            "autoload": {
                "files": [
                    "src/getallheaders.php"
                ]
            },
            "notification-url": "https://packagist.org/downloads/",
            "license": [
                "MIT"
            ],
            "authors": [
                {
                    "name": "Ralph Khattar",
                    "email": "ralph.khattar@gmail.com"
                }
            ],
            "description": "A polyfill for getallheaders.",
            "time": "2016-02-11T07:05:27+00:00"
        },
        {
            "name": "rize/uri-template",
            "version": "0.3.2",
            "source": {
                "type": "git",
                "url": "https://github.com/rize/UriTemplate.git",
                "reference": "9e5fdd5c47147aa5adf7f760002ee591ed37b9ca"
            },
            "dist": {
                "type": "zip",
                "url": "https://api.github.com/repos/rize/UriTemplate/zipball/9e5fdd5c47147aa5adf7f760002ee591ed37b9ca",
                "reference": "9e5fdd5c47147aa5adf7f760002ee591ed37b9ca",
                "shasum": ""
            },
            "require": {
                "php": ">=5.3.0"
            },
            "require-dev": {
                "phpunit/phpunit": "~4.0.0"
            },
            "type": "library",
            "autoload": {
                "psr-0": {
                    "Rize\\UriTemplate": "src/"
                }
            },
            "notification-url": "https://packagist.org/downloads/",
            "license": [
                "MIT"
            ],
            "authors": [
                {
                    "name": "Marut K",
                    "homepage": "http://twitter.com/rezigned"
                }
            ],
            "description": "PHP URI Template (RFC 6570) supports both expansion & extraction",
            "keywords": [
                "RFC 6570",
                "template",
                "uri"
            ],
            "time": "2017-06-14T03:57:53+00:00"
        }
    ],
    "packages-dev": [],
    "aliases": [],
    "minimum-stability": "stable",
    "stability-flags": [],
    "prefer-stable": false,
    "prefer-lowest": false,
    "platform": [],
    "platform-dev": []
}
